
Microsoft Visual Studio Solution File, Format Version 12.00
# Visual Studio 15
VisualStudioVersion = 15.0.28010.2041
MinimumVisualStudioVersion = 10.0.40219.1
Project("{FAE04EC0-301F-11D3-BF4B-00C04F79EFBC}") = "CrudUbicaciones", "CrudUbicaciones\CrudUbicaciones.csproj", "{C3A48651-665F-4938-9ECE-B19C8B229457}"
EndProject
Global
	GlobalSection(SolutionConfigurationPlatforms) = preSolution
		Debug|Any CPU = Debug|Any CPU
		Release|Any CPU = Release|Any CPU
	EndGlobalSection
	GlobalSection(ProjectConfigurationPlatforms) = postSolution
		{C3A48651-665F-4938-9ECE-B19C8B229457}.Debug|Any CPU.ActiveCfg = Debug|Any CPU
		{C3A48651-665F-4938-9ECE-B19C8B229457}.Debug|Any CPU.Build.0 = Debug|Any CPU
		{C3A48651-665F-4938-9ECE-B19C8B229457}.Release|Any CPU.ActiveCfg = Release|Any CPU
		{C3A48651-665F-4938-9ECE-B19C8B229457}.Release|Any CPU.Build.0 = Release|Any CPU
	EndGlobalSection
	GlobalSection(SolutionProperties) = preSolution
		HideSolutionNode = FALSE
	EndGlobalSection
	GlobalSection(ExtensibilityGlobals) = postSolution
		SolutionGuid = {A93C6FD3-E26F-47CE-8537-47D116CCA952}
	EndGlobalSection
EndGlobal
